dependencies:
- name: frontend-vue
  repository: file://../frontend-vue/helm
  version: 0.1.0
- name: api-python
  repository: file://../api-python/helm
  version: 0.1.0
- name: api-go
  repository: file://../api-go/helm
  version: 0.1.0
digest: sha256:c8d98d2c8e34f4bf17b50a251de0d4df352c1dd8824586cae4fb5c8b4e83398e
generated: "2024-02-29T15:15:49.318756-05:00"
