dependencies:
- name: shank-vue
  repository: file://../shank-vue/helm
  version: 0.1.0
- name: shank-flask
  repository: file://../shank-flask/helm
  version: 0.1.0
- name: shank-go
  repository: file://../shank-go/helm
  version: 0.1.0
digest: sha256:713702bf657cea421638233b8b41014a073a9d662df8c7acb8fcf0f2af09b720
generated: "2024-02-02T13:21:49.793123-05:00"
