dependencies:
- name: frontend-vue
  repository: file://../frontend-vue/helm
  version: 0.1.0
- name: api-python
  repository: file://../api-python/helm
  version: 0.1.0
- name: api-go
  repository: file://../api-go/helm
  version: 0.1.0
- name: api-nodejs
  repository: file://../api-nodejs/helm
  version: 0.1.0
digest: sha256:703dab8f6ab30cb43cdecc2d38f17022b95fae1192cef8dd22a0be96a9ab5db9
generated: "2024-04-10T12:04:10.195578-06:00"
